
Microsoft Visual Studio Solution File, Format Version 12.00
# Visual Studio Version 17
VisualStudioVersion = 17.5.33627.172
MinimumVisualStudioVersion = 10.0.40219.1
Project("{FAE04EC0-301F-11D3-BF4B-00C04F79EFBC}") = "KalkNBP", "KalkNBP.csproj", "{9DE1D661-F5A1-4595-87F2-9DD88553A151}"
EndProject
Global
	GlobalSection(SolutionConfigurationPlatforms) = preSolution
		Debug|Any CPU = Debug|Any CPU
		Release|Any CPU = Release|Any CPU
	EndGlobalSection
	GlobalSection(ProjectConfigurationPlatforms) = postSolution
		{9DE1D661-F5A1-4595-87F2-9DD88553A151}.Debug|Any CPU.ActiveCfg = Debug|Any CPU
		{9DE1D661-F5A1-4595-87F2-9DD88553A151}.Debug|Any CPU.Build.0 = Debug|Any CPU
		{9DE1D661-F5A1-4595-87F2-9DD88553A151}.Release|Any CPU.ActiveCfg = Release|Any CPU
		{9DE1D661-F5A1-4595-87F2-9DD88553A151}.Release|Any CPU.Build.0 = Release|Any CPU
	EndGlobalSection
	GlobalSection(SolutionProperties) = preSolution
		HideSolutionNode = FALSE
	EndGlobalSection
	GlobalSection(ExtensibilityGlobals) = postSolution
		SolutionGuid = {10C4FC5E-A88C-4DEB-8E63-857158EE36F3}
	EndGlobalSection
EndGlobal
